
Microsoft Visual Studio Solution File, Format Version 12.00
# Visual Studio Version 16
VisualStudioVersion = 16.0.31911.196
MinimumVisualStudioVersion = 10.0.40219.1
Project("{FAE04EC0-301F-11D3-BF4B-00C04F79EFBC}") = "Exercise1Question3", "Exercise1Question3.csproj", "{3BBBE13B-F8BC-43E9-B3D9-39058C53482A}"
EndProject
Global
	GlobalSection(SolutionConfigurationPlatforms) = preSolution
		Debug|Any CPU = Debug|Any CPU
		Release|Any CPU = Release|Any CPU
	EndGlobalSection
	GlobalSection(ProjectConfigurationPlatforms) = postSolution
		{3BBBE13B-F8BC-43E9-B3D9-39058C53482A}.Debug|Any CPU.ActiveCfg = Debug|Any CPU
		{3BBBE13B-F8BC-43E9-B3D9-39058C53482A}.Debug|Any CPU.Build.0 = Debug|Any CPU
		{3BBBE13B-F8BC-43E9-B3D9-39058C53482A}.Release|Any CPU.ActiveCfg = Release|Any CPU
		{3BBBE13B-F8BC-43E9-B3D9-39058C53482A}.Release|Any CPU.Build.0 = Release|Any CPU
	EndGlobalSection
	GlobalSection(SolutionProperties) = preSolution
		HideSolutionNode = FALSE
	EndGlobalSection
	GlobalSection(ExtensibilityGlobals) = postSolution
		SolutionGuid = {457D6F9B-2D88-4FD1-80E9-4B4D68A637E0}
	EndGlobalSection
EndGlobal
